
Microsoft Visual Studio Solution File, Format Version 12.00
# Visual Studio Version 16
VisualStudioVersion = 16.0.29001.49
MinimumVisualStudioVersion = 10.0.40219.1
Project("{FAE04EC0-301F-11D3-BF4B-00C04F79EFBC}") = "PiRoverController.UWP", "PiRoverController\PiRoverController.UWP\PiRoverController.UWP.csproj", "{06AC0583-2224-48C8-AD13-0F7B5CA6CE1E}"
EndProject
Project("{FAE04EC0-301F-11D3-BF4B-00C04F79EFBC}") = "PiRoverController.Android", "PiRoverController\PiRoverController.Android\PiRoverController.Android.csproj", "{05FCCDC4-8C2D-4991-B476-3A241CC2834B}"
EndProject
Project("{FAE04EC0-301F-11D3-BF4B-00C04F79EFBC}") = "PiRoverController.iOS", "PiRoverController\PiRoverController.iOS\PiRoverController.iOS.csproj", "{D500C739-4ED8-489F-8A1F-D66218DE382D}"
EndProject
Project("{9A19103F-16F7-4668-BE54-9A1E7A4F7556}") = "PiRoverController", "PiRoverController\PiRoverController\PiRoverController.csproj", "{5006F9C9-ADC1-42B7-AFCF-BE6EF2A88D9F}"
EndProject
Project("{2150E333-8FDC-42A3-9474-1A3956D46DE8}") = "Platform Specific Projects", "Platform Specific Projects", "{FA77865A-4356-4CC1-99F6-CC7B6CC52C26}"
EndProject
Project("{9A19103F-16F7-4668-BE54-9A1E7A4F7556}") = "PiRoverController.PresentationLogic", "PiRoverController.PresentationLogic\PiRoverController.PresentationLogic.csproj", "{8D276FD7-2FC7-4A9B-BD3D-990A916D6646}"
EndProject
Project("{9A19103F-16F7-4668-BE54-9A1E7A4F7556}") = "PiRoverController.Views", "PiRoverController.Views\PiRoverController.Views.csproj", "{3D2F01B9-1CC0-4475-B929-47849ACF640B}"
EndProject
Project("{9A19103F-16F7-4668-BE54-9A1E7A4F7556}") = "PiRoverController.XamComponents", "PiRoverController.XamComponents\PiRoverController.XamComponents.csproj", "{363A1EB9-E89C-4F77-B497-91550D23063C}"
EndProject
Project("{FAE04EC0-301F-11D3-BF4B-00C04F79EFBC}") = "PiRoverController.Common", "PiRoverController.Common\PiRoverController.Common.csproj", "{42583234-A8A5-45B2-8BA0-754ADBFA8A8E}"
EndProject
Project("{FAE04EC0-301F-11D3-BF4B-00C04F79EFBC}") = "PiRoverController.SettingAccessSQL", "PiRoverController.SettingAccessSQL\PiRoverController.SettingAccessSQL.csproj", "{628CFFBF-21AC-488B-9E94-B5F8C3DE1EF4}"
EndProject
Project("{2150E333-8FDC-42A3-9474-1A3956D46DE8}") = "Data Access", "Data Access", "{32798C57-4AA4-4078-97B3-2A127AD1600D}"
EndProject
Global
	GlobalSection(SolutionConfigurationPlatforms) = preSolution
		Debug|Any CPU = Debug|Any CPU
		Debug|ARM = Debug|ARM
		Debug|iPhone = Debug|iPhone
		Debug|iPhoneSimulator = Debug|iPhoneSimulator
		Debug|x64 = Debug|x64
		Debug|x86 = Debug|x86
		Release|Any CPU = Release|Any CPU
		Release|ARM = Release|ARM
		Release|iPhone = Release|iPhone
		Release|iPhoneSimulator = Release|iPhoneSimulator
		Release|x64 = Release|x64
		Release|x86 = Release|x86
	EndGlobalSection
	GlobalSection(ProjectConfigurationPlatforms) = postSolution
		{06AC0583-2224-48C8-AD13-0F7B5CA6CE1E}.Debug|Any CPU.ActiveCfg = Debug|x86
		{06AC0583-2224-48C8-AD13-0F7B5CA6CE1E}.Debug|Any CPU.Build.0 = Debug|x86
		{06AC0583-2224-48C8-AD13-0F7B5CA6CE1E}.Debug|Any CPU.Deploy.0 = Debug|x86
		{06AC0583-2224-48C8-AD13-0F7B5CA6CE1E}.Debug|ARM.ActiveCfg = Debug|ARM
		{06AC0583-2224-48C8-AD13-0F7B5CA6CE1E}.Debug|ARM.Build.0 = Debug|ARM
		{06AC0583-2224-48C8-AD13-0F7B5CA6CE1E}.Debug|ARM.Deploy.0 = Debug|ARM
		{06AC0583-2224-48C8-AD13-0F7B5CA6CE1E}.Debug|iPhone.ActiveCfg = Debug|x86
		{06AC0583-2224-48C8-AD13-0F7B5CA6CE1E}.Debug|iPhone.Build.0 = Debug|x86
		{06AC0583-2224-48C8-AD13-0F7B5CA6CE1E}.Debug|iPhone.Deploy.0 = Debug|x86
		{06AC0583-2224-48C8-AD13-0F7B5CA6CE1E}.Debug|iPhoneSimulator.ActiveCfg = Debug|x86
		{06AC0583-2224-48C8-AD13-0F7B5CA6CE1E}.Debug|iPhoneSimulator.Build.0 = Debug|x86
		{06AC0583-2224-48C8-AD13-0F7B5CA6CE1E}.Debug|iPhoneSimulator.Deploy.0 = Debug|x86
		{06AC0583-2224-48C8-AD13-0F7B5CA6CE1E}.Debug|x64.ActiveCfg = Debug|x64
		{06AC0583-2224-48C8-AD13-0F7B5CA6CE1E}.Debug|x64.Build.0 = Debug|x64
		{06AC0583-2224-48C8-AD13-0F7B5CA6CE1E}.Debug|x64.Deploy.0 = Debug|x64
		{06AC0583-2224-48C8-AD13-0F7B5CA6CE1E}.Debug|x86.ActiveCfg = Debug|x86
		{06AC0583-2224-48C8-AD13-0F7B5CA6CE1E}.Debug|x86.Build.0 = Debug|x86
		{06AC0583-2224-48C8-AD13-0F7B5CA6CE1E}.Debug|x86.Deploy.0 = Debug|x86
		{06AC0583-2224-48C8-AD13-0F7B5CA6CE1E}.Release|Any CPU.ActiveCfg = Release|x86
		{06AC0583-2224-48C8-AD13-0F7B5CA6CE1E}.Release|Any CPU.Build.0 = Release|x86
		{06AC0583-2224-48C8-AD13-0F7B5CA6CE1E}.Release|Any CPU.Deploy.0 = Release|x86
		{06AC0583-2224-48C8-AD13-0F7B5CA6CE1E}.Release|ARM.ActiveCfg = Release|ARM
		{06AC0583-2224-48C8-AD13-0F7B5CA6CE1E}.Release|ARM.Build.0 = Release|ARM
		{06AC0583-2224-48C8-AD13-0F7B5CA6CE1E}.Release|ARM.Deploy.0 = Release|ARM
		{06AC0583-2224-48C8-AD13-0F7B5CA6CE1E}.Release|iPhone.ActiveCfg = Release|x86
		{06AC0583-2224-48C8-AD13-0F7B5CA6CE1E}.Release|iPhone.Build.0 = Release|x86
		{06AC0583-2224-48C8-AD13-0F7B5CA6CE1E}.Release|iPhone.Deploy.0 = Release|x86
		{06AC0583-2224-48C8-AD13-0F7B5CA6CE1E}.Release|iPhoneSimulator.ActiveCfg = Release|x86
		{06AC0583-2224-48C8-AD13-0F7B5CA6CE1E}.Release|iPhoneSimulator.Build.0 = Release|x86
		{06AC0583-2224-48C8-AD13-0F7B5CA6CE1E}.Release|iPhoneSimulator.Deploy.0 = Release|x86
		{06AC0583-2224-48C8-AD13-0F7B5CA6CE1E}.Release|x64.ActiveCfg = Release|x64
		{06AC0583-2224-48C8-AD13-0F7B5CA6CE1E}.Release|x64.Build.0 = Release|x64
		{06AC0583-2224-48C8-AD13-0F7B5CA6CE1E}.Release|x64.Deploy.0 = Release|x64
		{06AC0583-2224-48C8-AD13-0F7B5CA6CE1E}.Release|x86.ActiveCfg = Release|x86
		{06AC0583-2224-48C8-AD13-0F7B5CA6CE1E}.Release|x86.Build.0 = Release|x86
		{06AC0583-2224-48C8-AD13-0F7B5CA6CE1E}.Release|x86.Deploy.0 = Release|x86
		{05FCCDC4-8C2D-4991-B476-3A241CC2834B}.Debug|Any CPU.ActiveCfg = Debug|Any CPU
		{05FCCDC4-8C2D-4991-B476-3A241CC2834B}.Debug|Any CPU.Build.0 = Debug|Any CPU
		{05FCCDC4-8C2D-4991-B476-3A241CC2834B}.Debug|Any CPU.Deploy.0 = Debug|Any CPU
		{05FCCDC4-8C2D-4991-B476-3A241CC2834B}.Debug|ARM.ActiveCfg = Debug|Any CPU
		{05FCCDC4-8C2D-4991-B476-3A241CC2834B}.Debug|ARM.Build.0 = Debug|Any CPU
		{05FCCDC4-8C2D-4991-B476-3A241CC2834B}.Debug|ARM.Deploy.0 = Debug|Any CPU
		{05FCCDC4-8C2D-4991-B476-3A241CC2834B}.Debug|iPhone.ActiveCfg = Debug|Any CPU
		{05FCCDC4-8C2D-4991-B476-3A241CC2834B}.Debug|iPhone.Build.0 = Debug|Any CPU
		{05FCCDC4-8C2D-4991-B476-3A241CC2834B}.Debug|iPhone.Deploy.0 = Debug|Any CPU
		{05FCCDC4-8C2D-4991-B476-3A241CC2834B}.Debug|iPhoneSimulator.ActiveCfg = Debug|Any CPU
		{05FCCDC4-8C2D-4991-B476-3A241CC2834B}.Debug|iPhoneSimulator.Build.0 = Debug|Any CPU
		{05FCCDC4-8C2D-4991-B476-3A241CC2834B}.Debug|iPhoneSimulator.Deploy.0 = Debug|Any CPU
		{05FCCDC4-8C2D-4991-B476-3A241CC2834B}.Debug|x64.ActiveCfg = Debug|Any CPU
		{05FCCDC4-8C2D-4991-B476-3A241CC2834B}.Debug|x64.Build.0 = Debug|Any CPU
		{05FCCDC4-8C2D-4991-B476-3A241CC2834B}.Debug|x64.Deploy.0 = Debug|Any CPU
		{05FCCDC4-8C2D-4991-B476-3A241CC2834B}.Debug|x86.ActiveCfg = Debug|Any CPU
		{05FCCDC4-8C2D-4991-B476-3A241CC2834B}.Debug|x86.Build.0 = Debug|Any CPU
		{05FCCDC4-8C2D-4991-B476-3A241CC2834B}.Debug|x86.Deploy.0 = Debug|Any CPU
		{05FCCDC4-8C2D-4991-B476-3A241CC2834B}.Release|Any CPU.ActiveCfg = Release|Any CPU
		{05FCCDC4-8C2D-4991-B476-3A241CC2834B}.Release|Any CPU.Build.0 = Release|Any CPU
		{05FCCDC4-8C2D-4991-B476-3A241CC2834B}.Release|Any CPU.Deploy.0 = Release|Any CPU
		{05FCCDC4-8C2D-4991-B476-3A241CC2834B}.Release|ARM.ActiveCfg = Release|Any CPU
		{05FCCDC4-8C2D-4991-B476-3A241CC2834B}.Release|ARM.Build.0 = Release|Any CPU
		{05FCCDC4-8C2D-4991-B476-3A241CC2834B}.Release|ARM.Deploy.0 = Release|Any CPU
		{05FCCDC4-8C2D-4991-B476-3A241CC2834B}.Release|iPhone.ActiveCfg = Release|Any CPU
		{05FCCDC4-8C2D-4991-B476-3A241CC2834B}.Release|iPhone.Build.0 = Release|Any CPU
		{05FCCDC4-8C2D-4991-B476-3A241CC2834B}.Release|iPhone.Deploy.0 = Release|Any CPU
		{05FCCDC4-8C2D-4991-B476-3A241CC2834B}.Release|iPhoneSimulator.ActiveCfg = Release|Any CPU
		{05FCCDC4-8C2D-4991-B476-3A241CC2834B}.Release|iPhoneSimulator.Build.0 = Release|Any CPU
		{05FCCDC4-8C2D-4991-B476-3A241CC2834B}.Release|iPhoneSimulator.Deploy.0 = Release|Any CPU
		{05FCCDC4-8C2D-4991-B476-3A241CC2834B}.Release|x64.ActiveCfg = Release|Any CPU
		{05FCCDC4-8C2D-4991-B476-3A241CC2834B}.Release|x64.Build.0 = Release|Any CPU
		{05FCCDC4-8C2D-4991-B476-3A241CC2834B}.Release|x64.Deploy.0 = Release|Any CPU
		{05FCCDC4-8C2D-4991-B476-3A241CC2834B}.Release|x86.ActiveCfg = Release|Any CPU
		{05FCCDC4-8C2D-4991-B476-3A241CC2834B}.Release|x86.Build.0 = Release|Any CPU
		{05FCCDC4-8C2D-4991-B476-3A241CC2834B}.Release|x86.Deploy.0 = Release|Any CPU
		{D500C739-4ED8-489F-8A1F-D66218DE382D}.Debug|Any CPU.ActiveCfg = Debug|iPhone
		{D500C739-4ED8-489F-8A1F-D66218DE382D}.Debug|Any CPU.Build.0 = Debug|iPhone
		{D500C739-4ED8-489F-8A1F-D66218DE382D}.Debug|Any CPU.Deploy.0 = Debug|iPhone
		{D500C739-4ED8-489F-8A1F-D66218DE382D}.Debug|ARM.ActiveCfg = Debug|iPhoneSimulator
		{D500C739-4ED8-489F-8A1F-D66218DE382D}.Debug|ARM.Build.0 = Debug|iPhoneSimulator
		{D500C739-4ED8-489F-8A1F-D66218DE382D}.Debug|ARM.Deploy.0 = Debug|iPhoneSimulator
		{D500C739-4ED8-489F-8A1F-D66218DE382D}.Debug|iPhone.ActiveCfg = Debug|iPhone
		{D500C739-4ED8-489F-8A1F-D66218DE382D}.Debug|iPhone.Build.0 = Debug|iPhone
		{D500C739-4ED8-489F-8A1F-D66218DE382D}.Debug|iPhone.Deploy.0 = Debug|iPhone
		{D500C739-4ED8-489F-8A1F-D66218DE382D}.Debug|iPhoneSimulator.ActiveCfg = Debug|iPhoneSimulator
		{D500C739-4ED8-489F-8A1F-D66218DE382D}.Debug|iPhoneSimulator.Build.0 = Debug|iPhoneSimulator
		{D500C739-4ED8-489F-8A1F-D66218DE382D}.Debug|iPhoneSimulator.Deploy.0 = Debug|iPhoneSimulator
		{D500C739-4ED8-489F-8A1F-D66218DE382D}.Debug|x64.ActiveCfg = Debug|iPhone
		{D500C739-4ED8-489F-8A1F-D66218DE382D}.Debug|x64.Build.0 = Debug|iPhone
		{D500C739-4ED8-489F-8A1F-D66218DE382D}.Debug|x64.Deploy.0 = Debug|iPhone
		{D500C739-4ED8-489F-8A1F-D66218DE382D}.Debug|x86.ActiveCfg = Debug|iPhone
		{D500C739-4ED8-489F-8A1F-D66218DE382D}.Debug|x86.Build.0 = Debug|iPhone
		{D500C739-4ED8-489F-8A1F-D66218DE382D}.Debug|x86.Deploy.0 = Debug|iPhone
		{D500C739-4ED8-489F-8A1F-D66218DE382D}.Release|Any CPU.ActiveCfg = Release|iPhone
		{D500C739-4ED8-489F-8A1F-D66218DE382D}.Release|Any CPU.Build.0 = Release|iPhone
		{D500C739-4ED8-489F-8A1F-D66218DE382D}.Release|Any CPU.Deploy.0 = Release|iPhone
		{D500C739-4ED8-489F-8A1F-D66218DE382D}.Release|ARM.ActiveCfg = Release|iPhone
		{D500C739-4ED8-489F-8A1F-D66218DE382D}.Release|ARM.Build.0 = Release|iPhone
		{D500C739-4ED8-489F-8A1F-D66218DE382D}.Release|ARM.Deploy.0 = Release|iPhone
		{D500C739-4ED8-489F-8A1F-D66218DE382D}.Release|iPhone.ActiveCfg = Release|iPhone
		{D500C739-4ED8-489F-8A1F-D66218DE382D}.Release|iPhone.Build.0 = Release|iPhone
		{D500C739-4ED8-489F-8A1F-D66218DE382D}.Release|iPhone.Deploy.0 = Release|iPhone
		{D500C739-4ED8-489F-8A1F-D66218DE382D}.Release|iPhoneSimulator.ActiveCfg = Release|iPhoneSimulator
		{D500C739-4ED8-489F-8A1F-D66218DE382D}.Release|iPhoneSimulator.Build.0 = Release|iPhoneSimulator
		{D500C739-4ED8-489F-8A1F-D66218DE382D}.Release|iPhoneSimulator.Deploy.0 = Release|iPhoneSimulator
		{D500C739-4ED8-489F-8A1F-D66218DE382D}.Release|x64.ActiveCfg = Release|iPhone
		{D500C739-4ED8-489F-8A1F-D66218DE382D}.Release|x64.Build.0 = Release|iPhone
		{D500C739-4ED8-489F-8A1F-D66218DE382D}.Release|x64.Deploy.0 = Release|iPhone
		{D500C739-4ED8-489F-8A1F-D66218DE382D}.Release|x86.ActiveCfg = Release|iPhone
		{D500C739-4ED8-489F-8A1F-D66218DE382D}.Release|x86.Build.0 = Release|iPhone
		{D500C739-4ED8-489F-8A1F-D66218DE382D}.Release|x86.Deploy.0 = Release|iPhone
		{5006F9C9-ADC1-42B7-AFCF-BE6EF2A88D9F}.Debug|Any CPU.ActiveCfg = Debug|Any CPU
		{5006F9C9-ADC1-42B7-AFCF-BE6EF2A88D9F}.Debug|Any CPU.Build.0 = Debug|Any CPU
		{5006F9C9-ADC1-42B7-AFCF-BE6EF2A88D9F}.Debug|Any CPU.Deploy.0 = Debug|Any CPU
		{5006F9C9-ADC1-42B7-AFCF-BE6EF2A88D9F}.Debug|ARM.ActiveCfg = Debug|Any CPU
		{5006F9C9-ADC1-42B7-AFCF-BE6EF2A88D9F}.Debug|ARM.Build.0 = Debug|Any CPU
		{5006F9C9-ADC1-42B7-AFCF-BE6EF2A88D9F}.Debug|ARM.Deploy.0 = Debug|Any CPU
		{5006F9C9-ADC1-42B7-AFCF-BE6EF2A88D9F}.Debug|iPhone.ActiveCfg = Debug|Any CPU
		{5006F9C9-ADC1-42B7-AFCF-BE6EF2A88D9F}.Debug|iPhone.Build.0 = Debug|Any CPU
		{5006F9C9-ADC1-42B7-AFCF-BE6EF2A88D9F}.Debug|iPhone.Deploy.0 = Debug|Any CPU
		{5006F9C9-ADC1-42B7-AFCF-BE6EF2A88D9F}.Debug|iPhoneSimulator.ActiveCfg = Debug|Any CPU
		{5006F9C9-ADC1-42B7-AFCF-BE6EF2A88D9F}.Debug|iPhoneSimulator.Build.0 = Debug|Any CPU
		{5006F9C9-ADC1-42B7-AFCF-BE6EF2A88D9F}.Debug|iPhoneSimulator.Deploy.0 = Debug|Any CPU
		{5006F9C9-ADC1-42B7-AFCF-BE6EF2A88D9F}.Debug|x64.ActiveCfg = Debug|Any CPU
		{5006F9C9-ADC1-42B7-AFCF-BE6EF2A88D9F}.Debug|x64.Build.0 = Debug|Any CPU
		{5006F9C9-ADC1-42B7-AFCF-BE6EF2A88D9F}.Debug|x64.Deploy.0 = Debug|Any CPU
		{5006F9C9-ADC1-42B7-AFCF-BE6EF2A88D9F}.Debug|x86.ActiveCfg = Debug|Any CPU
		{5006F9C9-ADC1-42B7-AFCF-BE6EF2A88D9F}.Debug|x86.Build.0 = Debug|Any CPU
		{5006F9C9-ADC1-42B7-AFCF-BE6EF2A88D9F}.Debug|x86.Deploy.0 = Debug|Any CPU
		{5006F9C9-ADC1-42B7-AFCF-BE6EF2A88D9F}.Release|Any CPU.ActiveCfg = Release|Any CPU
		{5006F9C9-ADC1-42B7-AFCF-BE6EF2A88D9F}.Release|Any CPU.Build.0 = Release|Any CPU
		{5006F9C9-ADC1-42B7-AFCF-BE6EF2A88D9F}.Release|Any CPU.Deploy.0 = Release|Any CPU
		{5006F9C9-ADC1-42B7-AFCF-BE6EF2A88D9F}.Release|ARM.ActiveCfg = Release|Any CPU
		{5006F9C9-ADC1-42B7-AFCF-BE6EF2A88D9F}.Release|ARM.Build.0 = Release|Any CPU
		{5006F9C9-ADC1-42B7-AFCF-BE6EF2A88D9F}.Release|ARM.Deploy.0 = Release|Any CPU
		{5006F9C9-ADC1-42B7-AFCF-BE6EF2A88D9F}.Release|iPhone.ActiveCfg = Release|Any CPU
		{5006F9C9-ADC1-42B7-AFCF-BE6EF2A88D9F}.Release|iPhone.Build.0 = Release|Any CPU
		{5006F9C9-ADC1-42B7-AFCF-BE6EF2A88D9F}.Release|iPhone.Deploy.0 = Release|Any CPU
		{5006F9C9-ADC1-42B7-AFCF-BE6EF2A88D9F}.Release|iPhoneSimulator.ActiveCfg = Release|Any CPU
		{5006F9C9-ADC1-42B7-AFCF-BE6EF2A88D9F}.Release|iPhoneSimulator.Build.0 = Release|Any CPU
		{5006F9C9-ADC1-42B7-AFCF-BE6EF2A88D9F}.Release|iPhoneSimulator.Deploy.0 = Release|Any CPU
		{5006F9C9-ADC1-42B7-AFCF-BE6EF2A88D9F}.Release|x64.ActiveCfg = Release|Any CPU
		{5006F9C9-ADC1-42B7-AFCF-BE6EF2A88D9F}.Release|x64.Build.0 = Release|Any CPU
		{5006F9C9-ADC1-42B7-AFCF-BE6EF2A88D9F}.Release|x64.Deploy.0 = Release|Any CPU
		{5006F9C9-ADC1-42B7-AFCF-BE6EF2A88D9F}.Release|x86.ActiveCfg = Release|Any CPU
		{5006F9C9-ADC1-42B7-AFCF-BE6EF2A88D9F}.Release|x86.Build.0 = Release|Any CPU
		{5006F9C9-ADC1-42B7-AFCF-BE6EF2A88D9F}.Release|x86.Deploy.0 = Release|Any CPU
		{8D276FD7-2FC7-4A9B-BD3D-990A916D6646}.Debug|Any CPU.ActiveCfg = Debug|Any CPU
		{8D276FD7-2FC7-4A9B-BD3D-990A916D6646}.Debug|Any CPU.Build.0 = Debug|Any CPU
		{8D276FD7-2FC7-4A9B-BD3D-990A916D6646}.Debug|ARM.ActiveCfg = Debug|Any CPU
		{8D276FD7-2FC7-4A9B-BD3D-990A916D6646}.Debug|ARM.Build.0 = Debug|Any CPU
		{8D276FD7-2FC7-4A9B-BD3D-990A916D6646}.Debug|iPhone.ActiveCfg = Debug|Any CPU
		{8D276FD7-2FC7-4A9B-BD3D-990A916D6646}.Debug|iPhone.Build.0 = Debug|Any CPU
		{8D276FD7-2FC7-4A9B-BD3D-990A916D6646}.Debug|iPhoneSimulator.ActiveCfg = Debug|Any CPU
		{8D276FD7-2FC7-4A9B-BD3D-990A916D6646}.Debug|iPhoneSimulator.Build.0 = Debug|Any CPU
		{8D276FD7-2FC7-4A9B-BD3D-990A916D6646}.Debug|x64.ActiveCfg = Debug|Any CPU
		{8D276FD7-2FC7-4A9B-BD3D-990A916D6646}.Debug|x64.Build.0 = Debug|Any CPU
		{8D276FD7-2FC7-4A9B-BD3D-990A916D6646}.Debug|x86.ActiveCfg = Debug|Any CPU
		{8D276FD7-2FC7-4A9B-BD3D-990A916D6646}.Debug|x86.Build.0 = Debug|Any CPU
		{8D276FD7-2FC7-4A9B-BD3D-990A916D6646}.Release|Any CPU.ActiveCfg = Release|Any CPU
		{8D276FD7-2FC7-4A9B-BD3D-990A916D6646}.Release|Any CPU.Build.0 = Release|Any CPU
		{8D276FD7-2FC7-4A9B-BD3D-990A916D6646}.Release|ARM.ActiveCfg = Release|Any CPU
		{8D276FD7-2FC7-4A9B-BD3D-990A916D6646}.Release|ARM.Build.0 = Release|Any CPU
		{8D276FD7-2FC7-4A9B-BD3D-990A916D6646}.Release|iPhone.ActiveCfg = Release|Any CPU
		{8D276FD7-2FC7-4A9B-BD3D-990A916D6646}.Release|iPhone.Build.0 = Release|Any CPU
		{8D276FD7-2FC7-4A9B-BD3D-990A916D6646}.Release|iPhoneSimulator.ActiveCfg = Release|Any CPU
		{8D276FD7-2FC7-4A9B-BD3D-990A916D6646}.Release|iPhoneSimulator.Build.0 = Release|Any CPU
		{8D276FD7-2FC7-4A9B-BD3D-990A916D6646}.Release|x64.ActiveCfg = Release|Any CPU
		{8D276FD7-2FC7-4A9B-BD3D-990A916D6646}.Release|x64.Build.0 = Release|Any CPU
		{8D276FD7-2FC7-4A9B-BD3D-990A916D6646}.Release|x86.ActiveCfg = Release|Any CPU
		{8D276FD7-2FC7-4A9B-BD3D-990A916D6646}.Release|x86.Build.0 = Release|Any CPU
		{3D2F01B9-1CC0-4475-B929-47849ACF640B}.Debug|Any CPU.ActiveCfg = Debug|Any CPU
		{3D2F01B9-1CC0-4475-B929-47849ACF640B}.Debug|Any CPU.Build.0 = Debug|Any CPU
		{3D2F01B9-1CC0-4475-B929-47849ACF640B}.Debug|ARM.ActiveCfg = Debug|Any CPU
		{3D2F01B9-1CC0-4475-B929-47849ACF640B}.Debug|ARM.Build.0 = Debug|Any CPU
		{3D2F01B9-1CC0-4475-B929-47849ACF640B}.Debug|iPhone.ActiveCfg = Debug|Any CPU
		{3D2F01B9-1CC0-4475-B929-47849ACF640B}.Debug|iPhone.Build.0 = Debug|Any CPU
		{3D2F01B9-1CC0-4475-B929-47849ACF640B}.Debug|iPhoneSimulator.ActiveCfg = Debug|Any CPU
		{3D2F01B9-1CC0-4475-B929-47849ACF640B}.Debug|iPhoneSimulator.Build.0 = Debug|Any CPU
		{3D2F01B9-1CC0-4475-B929-47849ACF640B}.Debug|x64.ActiveCfg = Debug|Any CPU
		{3D2F01B9-1CC0-4475-B929-47849ACF640B}.Debug|x64.Build.0 = Debug|Any CPU
		{3D2F01B9-1CC0-4475-B929-47849ACF640B}.Debug|x86.ActiveCfg = Debug|Any CPU
		{3D2F01B9-1CC0-4475-B929-47849ACF640B}.Debug|x86.Build.0 = Debug|Any CPU
		{3D2F01B9-1CC0-4475-B929-47849ACF640B}.Release|Any CPU.ActiveCfg = Release|Any CPU
		{3D2F01B9-1CC0-4475-B929-47849ACF640B}.Release|Any CPU.Build.0 = Release|Any CPU
		{3D2F01B9-1CC0-4475-B929-47849ACF640B}.Release|ARM.ActiveCfg = Release|Any CPU
		{3D2F01B9-1CC0-4475-B929-47849ACF640B}.Release|ARM.Build.0 = Release|Any CPU
		{3D2F01B9-1CC0-4475-B929-47849ACF640B}.Release|iPhone.ActiveCfg = Release|Any CPU
		{3D2F01B9-1CC0-4475-B929-47849ACF640B}.Release|iPhone.Build.0 = Release|Any CPU
		{3D2F01B9-1CC0-4475-B929-47849ACF640B}.Release|iPhoneSimulator.ActiveCfg = Release|Any CPU
		{3D2F01B9-1CC0-4475-B929-47849ACF640B}.Release|iPhoneSimulator.Build.0 = Release|Any CPU
		{3D2F01B9-1CC0-4475-B929-47849ACF640B}.Release|x64.ActiveCfg = Release|Any CPU
		{3D2F01B9-1CC0-4475-B929-47849ACF640B}.Release|x64.Build.0 = Release|Any CPU
		{3D2F01B9-1CC0-4475-B929-47849ACF640B}.Release|x86.ActiveCfg = Release|Any CPU
		{3D2F01B9-1CC0-4475-B929-47849ACF640B}.Release|x86.Build.0 = Release|Any CPU
		{363A1EB9-E89C-4F77-B497-91550D23063C}.Debug|Any CPU.ActiveCfg = Debug|Any CPU
		{363A1EB9-E89C-4F77-B497-91550D23063C}.Debug|Any CPU.Build.0 = Debug|Any CPU
		{363A1EB9-E89C-4F77-B497-91550D23063C}.Debug|ARM.ActiveCfg = Debug|Any CPU
		{363A1EB9-E89C-4F77-B497-91550D23063C}.Debug|ARM.Build.0 = Debug|Any CPU
		{363A1EB9-E89C-4F77-B497-91550D23063C}.Debug|iPhone.ActiveCfg = Debug|Any CPU
		{363A1EB9-E89C-4F77-B497-91550D23063C}.Debug|iPhone.Build.0 = Debug|Any CPU
		{363A1EB9-E89C-4F77-B497-91550D23063C}.Debug|iPhoneSimulator.ActiveCfg = Debug|Any CPU
		{363A1EB9-E89C-4F77-B497-91550D23063C}.Debug|iPhoneSimulator.Build.0 = Debug|Any CPU
		{363A1EB9-E89C-4F77-B497-91550D23063C}.Debug|x64.ActiveCfg = Debug|Any CPU
		{363A1EB9-E89C-4F77-B497-91550D23063C}.Debug|x64.Build.0 = Debug|Any CPU
		{363A1EB9-E89C-4F77-B497-91550D23063C}.Debug|x86.ActiveCfg = Debug|Any CPU
		{363A1EB9-E89C-4F77-B497-91550D23063C}.Debug|x86.Build.0 = Debug|Any CPU
		{363A1EB9-E89C-4F77-B497-91550D23063C}.Release|Any CPU.ActiveCfg = Release|Any CPU
		{363A1EB9-E89C-4F77-B497-91550D23063C}.Release|Any CPU.Build.0 = Release|Any CPU
		{363A1EB9-E89C-4F77-B497-91550D23063C}.Release|ARM.ActiveCfg = Release|Any CPU
		{363A1EB9-E89C-4F77-B497-91550D23063C}.Release|ARM.Build.0 = Release|Any CPU
		{363A1EB9-E89C-4F77-B497-91550D23063C}.Release|iPhone.ActiveCfg = Release|Any CPU
		{363A1EB9-E89C-4F77-B497-91550D23063C}.Release|iPhone.Build.0 = Release|Any CPU
		{363A1EB9-E89C-4F77-B497-91550D23063C}.Release|iPhoneSimulator.ActiveCfg = Release|Any CPU
		{363A1EB9-E89C-4F77-B497-91550D23063C}.Release|iPhoneSimulator.Build.0 = Release|Any CPU
		{363A1EB9-E89C-4F77-B497-91550D23063C}.Release|x64.ActiveCfg = Release|Any CPU
		{363A1EB9-E89C-4F77-B497-91550D23063C}.Release|x64.Build.0 = Release|Any CPU
		{363A1EB9-E89C-4F77-B497-91550D23063C}.Release|x86.ActiveCfg = Release|Any CPU
		{363A1EB9-E89C-4F77-B497-91550D23063C}.Release|x86.Build.0 = Release|Any CPU
		{42583234-A8A5-45B2-8BA0-754ADBFA8A8E}.Debug|Any CPU.ActiveCfg = Debug|Any CPU
		{42583234-A8A5-45B2-8BA0-754ADBFA8A8E}.Debug|Any CPU.Build.0 = Debug|Any CPU
		{42583234-A8A5-45B2-8BA0-754ADBFA8A8E}.Debug|ARM.ActiveCfg = Debug|Any CPU
		{42583234-A8A5-45B2-8BA0-754ADBFA8A8E}.Debug|ARM.Build.0 = Debug|Any CPU
		{42583234-A8A5-45B2-8BA0-754ADBFA8A8E}.Debug|iPhone.ActiveCfg = Debug|Any CPU
		{42583234-A8A5-45B2-8BA0-754ADBFA8A8E}.Debug|iPhone.Build.0 = Debug|Any CPU
		{42583234-A8A5-45B2-8BA0-754ADBFA8A8E}.Debug|iPhoneSimulator.ActiveCfg = Debug|Any CPU
		{42583234-A8A5-45B2-8BA0-754ADBFA8A8E}.Debug|iPhoneSimulator.Build.0 = Debug|Any CPU
		{42583234-A8A5-45B2-8BA0-754ADBFA8A8E}.Debug|x64.ActiveCfg = Debug|Any CPU
		{42583234-A8A5-45B2-8BA0-754ADBFA8A8E}.Debug|x64.Build.0 = Debug|Any CPU
		{42583234-A8A5-45B2-8BA0-754ADBFA8A8E}.Debug|x86.ActiveCfg = Debug|Any CPU
		{42583234-A8A5-45B2-8BA0-754ADBFA8A8E}.Debug|x86.Build.0 = Debug|Any CPU
		{42583234-A8A5-45B2-8BA0-754ADBFA8A8E}.Release|Any CPU.ActiveCfg = Release|Any CPU
		{42583234-A8A5-45B2-8BA0-754ADBFA8A8E}.Release|Any CPU.Build.0 = Release|Any CPU
		{42583234-A8A5-45B2-8BA0-754ADBFA8A8E}.Release|ARM.ActiveCfg = Release|Any CPU
		{42583234-A8A5-45B2-8BA0-754ADBFA8A8E}.Release|ARM.Build.0 = Release|Any CPU
		{42583234-A8A5-45B2-8BA0-754ADBFA8A8E}.Release|iPhone.ActiveCfg = Release|Any CPU
		{42583234-A8A5-45B2-8BA0-754ADBFA8A8E}.Release|iPhone.Build.0 = Release|Any CPU
		{42583234-A8A5-45B2-8BA0-754ADBFA8A8E}.Release|iPhoneSimulator.ActiveCfg = Release|Any CPU
		{42583234-A8A5-45B2-8BA0-754ADBFA8A8E}.Release|iPhoneSimulator.Build.0 = Release|Any CPU
		{42583234-A8A5-45B2-8BA0-754ADBFA8A8E}.Release|x64.ActiveCfg = Release|Any CPU
		{42583234-A8A5-45B2-8BA0-754ADBFA8A8E}.Release|x64.Build.0 = Release|Any CPU
		{42583234-A8A5-45B2-8BA0-754ADBFA8A8E}.Release|x86.ActiveCfg = Release|Any CPU
		{42583234-A8A5-45B2-8BA0-754ADBFA8A8E}.Release|x86.Build.0 = Release|Any CPU
		{628CFFBF-21AC-488B-9E94-B5F8C3DE1EF4}.Debug|Any CPU.ActiveCfg = Debug|Any CPU
		{628CFFBF-21AC-488B-9E94-B5F8C3DE1EF4}.Debug|Any CPU.Build.0 = Debug|Any CPU
		{628CFFBF-21AC-488B-9E94-B5F8C3DE1EF4}.Debug|ARM.ActiveCfg = Debug|Any CPU
		{628CFFBF-21AC-488B-9E94-B5F8C3DE1EF4}.Debug|ARM.Build.0 = Debug|Any CPU
		{628CFFBF-21AC-488B-9E94-B5F8C3DE1EF4}.Debug|iPhone.ActiveCfg = Debug|Any CPU
		{628CFFBF-21AC-488B-9E94-B5F8C3DE1EF4}.Debug|iPhone.Build.0 = Debug|Any CPU
		{628CFFBF-21AC-488B-9E94-B5F8C3DE1EF4}.Debug|iPhoneSimulator.ActiveCfg = Debug|Any CPU
		{628CFFBF-21AC-488B-9E94-B5F8C3DE1EF4}.Debug|iPhoneSimulator.Build.0 = Debug|Any CPU
		{628CFFBF-21AC-488B-9E94-B5F8C3DE1EF4}.Debug|x64.ActiveCfg = Debug|Any CPU
		{628CFFBF-21AC-488B-9E94-B5F8C3DE1EF4}.Debug|x64.Build.0 = Debug|Any CPU
		{628CFFBF-21AC-488B-9E94-B5F8C3DE1EF4}.Debug|x86.ActiveCfg = Debug|Any CPU
		{628CFFBF-21AC-488B-9E94-B5F8C3DE1EF4}.Debug|x86.Build.0 = Debug|Any CPU
		{628CFFBF-21AC-488B-9E94-B5F8C3DE1EF4}.Release|Any CPU.ActiveCfg = Release|Any CPU
		{628CFFBF-21AC-488B-9E94-B5F8C3DE1EF4}.Release|Any CPU.Build.0 = Release|Any CPU
		{628CFFBF-21AC-488B-9E94-B5F8C3DE1EF4}.Release|ARM.ActiveCfg = Release|Any CPU
		{628CFFBF-21AC-488B-9E94-B5F8C3DE1EF4}.Release|ARM.Build.0 = Release|Any CPU
		{628CFFBF-21AC-488B-9E94-B5F8C3DE1EF4}.Release|iPhone.ActiveCfg = Release|Any CPU
		{628CFFBF-21AC-488B-9E94-B5F8C3DE1EF4}.Release|iPhone.Build.0 = Release|Any CPU
		{628CFFBF-21AC-488B-9E94-B5F8C3DE1EF4}.Release|iPhoneSimulator.ActiveCfg = Release|Any CPU
		{628CFFBF-21AC-488B-9E94-B5F8C3DE1EF4}.Release|iPhoneSimulator.Build.0 = Release|Any CPU
		{628CFFBF-21AC-488B-9E94-B5F8C3DE1EF4}.Release|x64.ActiveCfg = Release|Any CPU
		{628CFFBF-21AC-488B-9E94-B5F8C3DE1EF4}.Release|x64.Build.0 = Release|Any CPU
		{628CFFBF-21AC-488B-9E94-B5F8C3DE1EF4}.Release|x86.ActiveCfg = Release|Any CPU
		{628CFFBF-21AC-488B-9E94-B5F8C3DE1EF4}.Release|x86.Build.0 = Release|Any CPU
	EndGlobalSection
	GlobalSection(SolutionProperties) = preSolution
		HideSolutionNode = FALSE
	EndGlobalSection
	GlobalSection(NestedProjects) = preSolution
		{06AC0583-2224-48C8-AD13-0F7B5CA6CE1E} = {FA77865A-4356-4CC1-99F6-CC7B6CC52C26}
		{05FCCDC4-8C2D-4991-B476-3A241CC2834B} = {FA77865A-4356-4CC1-99F6-CC7B6CC52C26}
		{D500C739-4ED8-489F-8A1F-D66218DE382D} = {FA77865A-4356-4CC1-99F6-CC7B6CC52C26}
		{628CFFBF-21AC-488B-9E94-B5F8C3DE1EF4} = {32798C57-4AA4-4078-97B3-2A127AD1600D}
	EndGlobalSection
	GlobalSection(ExtensibilityGlobals) = postSolution
		SolutionGuid = {0F24F0A9-7FE2-474B-A601-2D1B15221768}
	EndGlobalSection
EndGlobal
